
Microsoft Visual Studio Solution File, Format Version 12.00
# Visual Studio Version 18
VisualStudioVersion = 18.5.11709.299
MinimumVisualStudioVersion = 10.0.40219.1
Project("{2150E333-8FDC-42A3-9474-1A3956D46DE8}") = "src", "src", "{4F957837-9FEE-4F42-88A8-EBD69DE7E0F9}"
EndProject
Project("{9A19103F-16F7-4668-BE54-9A1E7A4F7556}") = "MechanicShop.Api", "src\MechanicShop.Api\MechanicShop.Api.csproj", "{762D1995-103B-48F5-9C27-07EE8C378865}"
EndProject
Project("{9A19103F-16F7-4668-BE54-9A1E7A4F7556}") = "MechanicShop.Application", "src\MechanicShop.Application\MechanicShop.Application.csproj", "{640C2EA2-8799-4584-A457-242D07779F13}"
EndProject
Project("{9A19103F-16F7-4668-BE54-9A1E7A4F7556}") = "MechanicShop.Contracts", "src\MechanicShop.Contracts\MechanicShop.Contracts.csproj", "{50FE098A-3629-4C97-9A42-935BE8C948B9}"
EndProject
Project("{9A19103F-16F7-4668-BE54-9A1E7A4F7556}") = "MechanicShop.Domain", "src\MechanicShop.Domain\MechanicShop.Domain.csproj", "{BD9A42A2-0C05-48EE-B63B-4C13DE506405}"
EndProject
Project("{9A19103F-16F7-4668-BE54-9A1E7A4F7556}") = "MechanicShop.Infrastructure", "src\MechanicShop.Infrastructure\MechanicShop.Infrastructure.csproj", "{A36E09CC-7D96-4D64-A5E6-A01833D54903}"
EndProject
Project("{FAE04EC0-301F-11D3-BF4B-00C04F79EFBC}") = "MechanicShop.Client", "src\MechanicShop.Client\MechanicShop.Client.csproj", "{A94D97C7-0711-B064-D76D-DF9067487B3B}"
EndProject
Project("{2150E333-8FDC-42A3-9474-1A3956D46DE8}") = "tests", "tests", "{0AB3BF05-4346-4AA6-1389-037BE0695223}"
EndProject
Project("{FAE04EC0-301F-11D3-BF4B-00C04F79EFBC}") = "MechanicShop.Api.IntegrationTests", "tests\MechanicShop.Api.IntegrationTests\MechanicShop.Api.IntegrationTests.csproj", "{76630605-2762-4600-9EE8-DDDAE621D345}"
EndProject
Project("{FAE04EC0-301F-11D3-BF4B-00C04F79EFBC}") = "MechanicShop.Tests.Common", "tests\MechanicShop.Tests.Common\MechanicShop.Tests.Common.csproj", "{80EBA4A4-C805-4D77-922B-9216830A5EE4}"
EndProject
Project("{FAE04EC0-301F-11D3-BF4B-00C04F79EFBC}") = "MechanicShop.Application.SubcutaneousTests", "tests\MechanicShop.Application.SubcutaneousTests\MechanicShop.Application.SubcutaneousTests.csproj", "{0B84A4BA-5EAB-4501-8345-512F28963E7F}"
EndProject
Project("{FAE04EC0-301F-11D3-BF4B-00C04F79EFBC}") = "MechanicShop.Application.UnitTests", "tests\MechanicShop.Application.UnitTests\MechanicShop.Application.UnitTests.csproj", "{7E77CA21-7F13-4EFE-8BA5-FA29FB1CDCA1}"
EndProject
Project("{FAE04EC0-301F-11D3-BF4B-00C04F79EFBC}") = "MechanicShop.Domain.UnitTests", "tests\MechanicShop.Domain.UnitTests\MechanicShop.Domain.UnitTests.csproj", "{F825FC29-79E2-4327-9EEB-A3764D6A8BC0}"
EndProject
Project("{2150E333-8FDC-42A3-9474-1A3956D46DE8}") = "Soultion Items", "Soultion Items", "{D3E65176-62A5-4B03-9D95-E8E74864BFF4}"
	ProjectSection(SolutionItems) = preProject
		.dockerignore = .dockerignore
		.gitignore = .gitignore
		Directory.Build.props = Directory.Build.props
		docker-compose.yml = docker-compose.yml
		Dockerfile = Dockerfile
		README.md = README.md
	EndProjectSection
EndProject
Global
	GlobalSection(SolutionConfigurationPlatforms) = preSolution
		Debug|Any CPU = Debug|Any CPU
		Debug|x64 = Debug|x64
		Debug|x86 = Debug|x86
		Release|Any CPU = Release|Any CPU
		Release|x64 = Release|x64
		Release|x86 = Release|x86
	EndGlobalSection
	GlobalSection(ProjectConfigurationPlatforms) = postSolution
		{762D1995-103B-48F5-9C27-07EE8C378865}.Debug|Any CPU.ActiveCfg = Debug|Any CPU
		{762D1995-103B-48F5-9C27-07EE8C378865}.Debug|Any CPU.Build.0 = Debug|Any CPU
		{762D1995-103B-48F5-9C27-07EE8C378865}.Debug|x64.ActiveCfg = Debug|Any CPU
		{762D1995-103B-48F5-9C27-07EE8C378865}.Debug|x64.Build.0 = Debug|Any CPU
		{762D1995-103B-48F5-9C27-07EE8C378865}.Debug|x86.ActiveCfg = Debug|Any CPU
		{762D1995-103B-48F5-9C27-07EE8C378865}.Debug|x86.Build.0 = Debug|Any CPU
		{762D1995-103B-48F5-9C27-07EE8C378865}.Release|Any CPU.ActiveCfg = Release|Any CPU
		{762D1995-103B-48F5-9C27-07EE8C378865}.Release|Any CPU.Build.0 = Release|Any CPU
		{762D1995-103B-48F5-9C27-07EE8C378865}.Release|x64.ActiveCfg = Release|Any CPU
		{762D1995-103B-48F5-9C27-07EE8C378865}.Release|x64.Build.0 = Release|Any CPU
		{762D1995-103B-48F5-9C27-07EE8C378865}.Release|x86.ActiveCfg = Release|Any CPU
		{762D1995-103B-48F5-9C27-07EE8C378865}.Release|x86.Build.0 = Release|Any CPU
		{640C2EA2-8799-4584-A457-242D07779F13}.Debug|Any CPU.ActiveCfg = Debug|Any CPU
		{640C2EA2-8799-4584-A457-242D07779F13}.Debug|Any CPU.Build.0 = Debug|Any CPU
		{640C2EA2-8799-4584-A457-242D07779F13}.Debug|x64.ActiveCfg = Debug|Any CPU
		{640C2EA2-8799-4584-A457-242D07779F13}.Debug|x64.Build.0 = Debug|Any CPU
		{640C2EA2-8799-4584-A457-242D07779F13}.Debug|x86.ActiveCfg = Debug|Any CPU
		{640C2EA2-8799-4584-A457-242D07779F13}.Debug|x86.Build.0 = Debug|Any CPU
		{640C2EA2-8799-4584-A457-242D07779F13}.Release|Any CPU.ActiveCfg = Release|Any CPU
		{640C2EA2-8799-4584-A457-242D07779F13}.Release|Any CPU.Build.0 = Release|Any CPU
		{640C2EA2-8799-4584-A457-242D07779F13}.Release|x64.ActiveCfg = Release|Any CPU
		{640C2EA2-8799-4584-A457-242D07779F13}.Release|x64.Build.0 = Release|Any CPU
		{640C2EA2-8799-4584-A457-242D07779F13}.Release|x86.ActiveCfg = Release|Any CPU
		{640C2EA2-8799-4584-A457-242D07779F13}.Release|x86.Build.0 = Release|Any CPU
		{50FE098A-3629-4C97-9A42-935BE8C948B9}.Debug|Any CPU.ActiveCfg = Debug|Any CPU
		{50FE098A-3629-4C97-9A42-935BE8C948B9}.Debug|Any CPU.Build.0 = Debug|Any CPU
		{50FE098A-3629-4C97-9A42-935BE8C948B9}.Debug|x64.ActiveCfg = Debug|Any CPU
		{50FE098A-3629-4C97-9A42-935BE8C948B9}.Debug|x64.Build.0 = Debug|Any CPU
		{50FE098A-3629-4C97-9A42-935BE8C948B9}.Debug|x86.ActiveCfg = Debug|Any CPU
		{50FE098A-3629-4C97-9A42-935BE8C948B9}.Debug|x86.Build.0 = Debug|Any CPU
		{50FE098A-3629-4C97-9A42-935BE8C948B9}.Release|Any CPU.ActiveCfg = Release|Any CPU
		{50FE098A-3629-4C97-9A42-935BE8C948B9}.Release|Any CPU.Build.0 = Release|Any CPU
		{50FE098A-3629-4C97-9A42-935BE8C948B9}.Release|x64.ActiveCfg = Release|Any CPU
		{50FE098A-3629-4C97-9A42-935BE8C948B9}.Release|x64.Build.0 = Release|Any CPU
		{50FE098A-3629-4C97-9A42-935BE8C948B9}.Release|x86.ActiveCfg = Release|Any CPU
		{50FE098A-3629-4C97-9A42-935BE8C948B9}.Release|x86.Build.0 = Release|Any CPU
		{BD9A42A2-0C05-48EE-B63B-4C13DE506405}.Debug|Any CPU.ActiveCfg = Debug|Any CPU
		{BD9A42A2-0C05-48EE-B63B-4C13DE506405}.Debug|Any CPU.Build.0 = Debug|Any CPU
		{BD9A42A2-0C05-48EE-B63B-4C13DE506405}.Debug|x64.ActiveCfg = Debug|Any CPU
		{BD9A42A2-0C05-48EE-B63B-4C13DE506405}.Debug|x64.Build.0 = Debug|Any CPU
		{BD9A42A2-0C05-48EE-B63B-4C13DE506405}.Debug|x86.ActiveCfg = Debug|Any CPU
		{BD9A42A2-0C05-48EE-B63B-4C13DE506405}.Debug|x86.Build.0 = Debug|Any CPU
		{BD9A42A2-0C05-48EE-B63B-4C13DE506405}.Release|Any CPU.ActiveCfg = Release|Any CPU
		{BD9A42A2-0C05-48EE-B63B-4C13DE506405}.Release|Any CPU.Build.0 = Release|Any CPU
		{BD9A42A2-0C05-48EE-B63B-4C13DE506405}.Release|x64.ActiveCfg = Release|Any CPU
		{BD9A42A2-0C05-48EE-B63B-4C13DE506405}.Release|x64.Build.0 = Release|Any CPU
		{BD9A42A2-0C05-48EE-B63B-4C13DE506405}.Release|x86.ActiveCfg = Release|Any CPU
		{BD9A42A2-0C05-48EE-B63B-4C13DE506405}.Release|x86.Build.0 = Release|Any CPU
		{A36E09CC-7D96-4D64-A5E6-A01833D54903}.Debug|Any CPU.ActiveCfg = Debug|Any CPU
		{A36E09CC-7D96-4D64-A5E6-A01833D54903}.Debug|Any CPU.Build.0 = Debug|Any CPU
		{A36E09CC-7D96-4D64-A5E6-A01833D54903}.Debug|x64.ActiveCfg = Debug|Any CPU
		{A36E09CC-7D96-4D64-A5E6-A01833D54903}.Debug|x64.Build.0 = Debug|Any CPU
		{A36E09CC-7D96-4D64-A5E6-A01833D54903}.Debug|x86.ActiveCfg = Debug|Any CPU
		{A36E09CC-7D96-4D64-A5E6-A01833D54903}.Debug|x86.Build.0 = Debug|Any CPU
		{A36E09CC-7D96-4D64-A5E6-A01833D54903}.Release|Any CPU.ActiveCfg = Release|Any CPU
		{A36E09CC-7D96-4D64-A5E6-A01833D54903}.Release|Any CPU.Build.0 = Release|Any CPU
		{A36E09CC-7D96-4D64-A5E6-A01833D54903}.Release|x64.ActiveCfg = Release|Any CPU
		{A36E09CC-7D96-4D64-A5E6-A01833D54903}.Release|x64.Build.0 = Release|Any CPU
		{A36E09CC-7D96-4D64-A5E6-A01833D54903}.Release|x86.ActiveCfg = Release|Any CPU
		{A36E09CC-7D96-4D64-A5E6-A01833D54903}.Release|x86.Build.0 = Release|Any CPU
		{A94D97C7-0711-B064-D76D-DF9067487B3B}.Debug|Any CPU.ActiveCfg = Debug|Any CPU
		{A94D97C7-0711-B064-D76D-DF9067487B3B}.Debug|Any CPU.Build.0 = Debug|Any CPU
		{A94D97C7-0711-B064-D76D-DF9067487B3B}.Debug|x64.ActiveCfg = Debug|Any CPU
		{A94D97C7-0711-B064-D76D-DF9067487B3B}.Debug|x64.Build.0 = Debug|Any CPU
		{A94D97C7-0711-B064-D76D-DF9067487B3B}.Debug|x86.ActiveCfg = Debug|Any CPU
		{A94D97C7-0711-B064-D76D-DF9067487B3B}.Debug|x86.Build.0 = Debug|Any CPU
		{A94D97C7-0711-B064-D76D-DF9067487B3B}.Release|Any CPU.ActiveCfg = Release|Any CPU
		{A94D97C7-0711-B064-D76D-DF9067487B3B}.Release|Any CPU.Build.0 = Release|Any CPU
		{A94D97C7-0711-B064-D76D-DF9067487B3B}.Release|x64.ActiveCfg = Release|Any CPU
		{A94D97C7-0711-B064-D76D-DF9067487B3B}.Release|x64.Build.0 = Release|Any CPU
		{A94D97C7-0711-B064-D76D-DF9067487B3B}.Release|x86.ActiveCfg = Release|Any CPU
		{A94D97C7-0711-B064-D76D-DF9067487B3B}.Release|x86.Build.0 = Release|Any CPU
		{76630605-2762-4600-9EE8-DDDAE621D345}.Debug|Any CPU.ActiveCfg = Debug|Any CPU
		{76630605-2762-4600-9EE8-DDDAE621D345}.Debug|Any CPU.Build.0 = Debug|Any CPU
		{76630605-2762-4600-9EE8-DDDAE621D345}.Debug|x64.ActiveCfg = Debug|Any CPU
		{76630605-2762-4600-9EE8-DDDAE621D345}.Debug|x64.Build.0 = Debug|Any CPU
		{76630605-2762-4600-9EE8-DDDAE621D345}.Debug|x86.ActiveCfg = Debug|Any CPU
		{76630605-2762-4600-9EE8-DDDAE621D345}.Debug|x86.Build.0 = Debug|Any CPU
		{76630605-2762-4600-9EE8-DDDAE621D345}.Release|Any CPU.ActiveCfg = Release|Any CPU
		{76630605-2762-4600-9EE8-DDDAE621D345}.Release|Any CPU.Build.0 = Release|Any CPU
		{76630605-2762-4600-9EE8-DDDAE621D345}.Release|x64.ActiveCfg = Release|Any CPU
		{76630605-2762-4600-9EE8-DDDAE621D345}.Release|x64.Build.0 = Release|Any CPU
		{76630605-2762-4600-9EE8-DDDAE621D345}.Release|x86.ActiveCfg = Release|Any CPU
		{76630605-2762-4600-9EE8-DDDAE621D345}.Release|x86.Build.0 = Release|Any CPU
		{80EBA4A4-C805-4D77-922B-9216830A5EE4}.Debug|Any CPU.ActiveCfg = Debug|Any CPU
		{80EBA4A4-C805-4D77-922B-9216830A5EE4}.Debug|Any CPU.Build.0 = Debug|Any CPU
		{80EBA4A4-C805-4D77-922B-9216830A5EE4}.Debug|x64.ActiveCfg = Debug|Any CPU
		{80EBA4A4-C805-4D77-922B-9216830A5EE4}.Debug|x64.Build.0 = Debug|Any CPU
		{80EBA4A4-C805-4D77-922B-9216830A5EE4}.Debug|x86.ActiveCfg = Debug|Any CPU
		{80EBA4A4-C805-4D77-922B-9216830A5EE4}.Debug|x86.Build.0 = Debug|Any CPU
		{80EBA4A4-C805-4D77-922B-9216830A5EE4}.Release|Any CPU.ActiveCfg = Release|Any CPU
		{80EBA4A4-C805-4D77-922B-9216830A5EE4}.Release|Any CPU.Build.0 = Release|Any CPU
		{80EBA4A4-C805-4D77-922B-9216830A5EE4}.Release|x64.ActiveCfg = Release|Any CPU
		{80EBA4A4-C805-4D77-922B-9216830A5EE4}.Release|x64.Build.0 = Release|Any CPU
		{80EBA4A4-C805-4D77-922B-9216830A5EE4}.Release|x86.ActiveCfg = Release|Any CPU
		{80EBA4A4-C805-4D77-922B-9216830A5EE4}.Release|x86.Build.0 = Release|Any CPU
		{0B84A4BA-5EAB-4501-8345-512F28963E7F}.Debug|Any CPU.ActiveCfg = Debug|Any CPU
		{0B84A4BA-5EAB-4501-8345-512F28963E7F}.Debug|Any CPU.Build.0 = Debug|Any CPU
		{0B84A4BA-5EAB-4501-8345-512F28963E7F}.Debug|x64.ActiveCfg = Debug|Any CPU
		{0B84A4BA-5EAB-4501-8345-512F28963E7F}.Debug|x64.Build.0 = Debug|Any CPU
		{0B84A4BA-5EAB-4501-8345-512F28963E7F}.Debug|x86.ActiveCfg = Debug|Any CPU
		{0B84A4BA-5EAB-4501-8345-512F28963E7F}.Debug|x86.Build.0 = Debug|Any CPU
		{0B84A4BA-5EAB-4501-8345-512F28963E7F}.Release|Any CPU.ActiveCfg = Release|Any CPU
		{0B84A4BA-5EAB-4501-8345-512F28963E7F}.Release|Any CPU.Build.0 = Release|Any CPU
		{0B84A4BA-5EAB-4501-8345-512F28963E7F}.Release|x64.ActiveCfg = Release|Any CPU
		{0B84A4BA-5EAB-4501-8345-512F28963E7F}.Release|x64.Build.0 = Release|Any CPU
		{0B84A4BA-5EAB-4501-8345-512F28963E7F}.Release|x86.ActiveCfg = Release|Any CPU
		{0B84A4BA-5EAB-4501-8345-512F28963E7F}.Release|x86.Build.0 = Release|Any CPU
		{7E77CA21-7F13-4EFE-8BA5-FA29FB1CDCA1}.Debug|Any CPU.ActiveCfg = Debug|Any CPU
		{7E77CA21-7F13-4EFE-8BA5-FA29FB1CDCA1}.Debug|Any CPU.Build.0 = Debug|Any CPU
		{7E77CA21-7F13-4EFE-8BA5-FA29FB1CDCA1}.Debug|x64.ActiveCfg = Debug|Any CPU
		{7E77CA21-7F13-4EFE-8BA5-FA29FB1CDCA1}.Debug|x64.Build.0 = Debug|Any CPU
		{7E77CA21-7F13-4EFE-8BA5-FA29FB1CDCA1}.Debug|x86.ActiveCfg = Debug|Any CPU
		{7E77CA21-7F13-4EFE-8BA5-FA29FB1CDCA1}.Debug|x86.Build.0 = Debug|Any CPU
		{7E77CA21-7F13-4EFE-8BA5-FA29FB1CDCA1}.Release|Any CPU.ActiveCfg = Release|Any CPU
		{7E77CA21-7F13-4EFE-8BA5-FA29FB1CDCA1}.Release|Any CPU.Build.0 = Release|Any CPU
		{7E77CA21-7F13-4EFE-8BA5-FA29FB1CDCA1}.Release|x64.ActiveCfg = Release|Any CPU
		{7E77CA21-7F13-4EFE-8BA5-FA29FB1CDCA1}.Release|x64.Build.0 = Release|Any CPU
		{7E77CA21-7F13-4EFE-8BA5-FA29FB1CDCA1}.Release|x86.ActiveCfg = Release|Any CPU
		{7E77CA21-7F13-4EFE-8BA5-FA29FB1CDCA1}.Release|x86.Build.0 = Release|Any CPU
		{F825FC29-79E2-4327-9EEB-A3764D6A8BC0}.Debug|Any CPU.ActiveCfg = Debug|Any CPU
		{F825FC29-79E2-4327-9EEB-A3764D6A8BC0}.Debug|Any CPU.Build.0 = Debug|Any CPU
		{F825FC29-79E2-4327-9EEB-A3764D6A8BC0}.Debug|x64.ActiveCfg = Debug|Any CPU
		{F825FC29-79E2-4327-9EEB-A3764D6A8BC0}.Debug|x64.Build.0 = Debug|Any CPU
		{F825FC29-79E2-4327-9EEB-A3764D6A8BC0}.Debug|x86.ActiveCfg = Debug|Any CPU
		{F825FC29-79E2-4327-9EEB-A3764D6A8BC0}.Debug|x86.Build.0 = Debug|Any CPU
		{F825FC29-79E2-4327-9EEB-A3764D6A8BC0}.Release|Any CPU.ActiveCfg = Release|Any CPU
		{F825FC29-79E2-4327-9EEB-A3764D6A8BC0}.Release|Any CPU.Build.0 = Release|Any CPU
		{F825FC29-79E2-4327-9EEB-A3764D6A8BC0}.Release|x64.ActiveCfg = Release|Any CPU
		{F825FC29-79E2-4327-9EEB-A3764D6A8BC0}.Release|x64.Build.0 = Release|Any CPU
		{F825FC29-79E2-4327-9EEB-A3764D6A8BC0}.Release|x86.ActiveCfg = Release|Any CPU
		{F825FC29-79E2-4327-9EEB-A3764D6A8BC0}.Release|x86.Build.0 = Release|Any CPU
	EndGlobalSection
	GlobalSection(SolutionProperties) = preSolution
		HideSolutionNode = FALSE
	EndGlobalSection
	GlobalSection(NestedProjects) = preSolution
		{762D1995-103B-48F5-9C27-07EE8C378865} = {4F957837-9FEE-4F42-88A8-EBD69DE7E0F9}
		{640C2EA2-8799-4584-A457-242D07779F13} = {4F957837-9FEE-4F42-88A8-EBD69DE7E0F9}
		{50FE098A-3629-4C97-9A42-935BE8C948B9} = {4F957837-9FEE-4F42-88A8-EBD69DE7E0F9}
		{BD9A42A2-0C05-48EE-B63B-4C13DE506405} = {4F957837-9FEE-4F42-88A8-EBD69DE7E0F9}
		{A36E09CC-7D96-4D64-A5E6-A01833D54903} = {4F957837-9FEE-4F42-88A8-EBD69DE7E0F9}
		{A94D97C7-0711-B064-D76D-DF9067487B3B} = {4F957837-9FEE-4F42-88A8-EBD69DE7E0F9}
		{76630605-2762-4600-9EE8-DDDAE621D345} = {0AB3BF05-4346-4AA6-1389-037BE0695223}
		{80EBA4A4-C805-4D77-922B-9216830A5EE4} = {0AB3BF05-4346-4AA6-1389-037BE0695223}
		{0B84A4BA-5EAB-4501-8345-512F28963E7F} = {0AB3BF05-4346-4AA6-1389-037BE0695223}
		{7E77CA21-7F13-4EFE-8BA5-FA29FB1CDCA1} = {0AB3BF05-4346-4AA6-1389-037BE0695223}
		{F825FC29-79E2-4327-9EEB-A3764D6A8BC0} = {0AB3BF05-4346-4AA6-1389-037BE0695223}
	EndGlobalSection
	GlobalSection(ExtensibilityGlobals) = postSolution
		SolutionGuid = {3811B565-DA9A-4B93-A479-8DDCA8CF7D7B}
	EndGlobalSection
EndGlobal
